
Microsoft Visual Studio Solution File, Format Version 12.00
# Visual Studio Version 16
VisualStudioVersion = 16.0.28922.388
MinimumVisualStudioVersion = 10.0.40219.1
Project("{FAE04EC0-301F-11D3-BF4B-00C04F79EFBC}") = "Government.Services", "Government.Services\Government.Services.csproj", "{2E45C760-66F9-47BF-A7B0-E13AF5A64378}"
EndProject
Project("{FAE04EC0-301F-11D3-BF4B-00C04F79EFBC}") = "Government.Models", "Government.Models\Government.Models.csproj", "{531C9826-0C6D-4FD9-AC47-6BD6056CC268}"
EndProject
Project("{FAE04EC0-301F-11D3-BF4B-00C04F79EFBC}") = "Government.Data", "Government.Data\Government.Data.csproj", "{0EED746E-4F57-4C67-9808-D44E176DB5F7}"
EndProject
Global
	GlobalSection(SolutionConfigurationPlatforms) = preSolution
		Debug|Any CPU = Debug|Any CPU
		Release|Any CPU = Release|Any CPU
	EndGlobalSection
	GlobalSection(ProjectConfigurationPlatforms) = postSolution
		{2E45C760-66F9-47BF-A7B0-E13AF5A64378}.Debug|Any CPU.ActiveCfg = Debug|Any CPU
		{2E45C760-66F9-47BF-A7B0-E13AF5A64378}.Debug|Any CPU.Build.0 = Debug|Any CPU
		{2E45C760-66F9-47BF-A7B0-E13AF5A64378}.Release|Any CPU.ActiveCfg = Release|Any CPU
		{2E45C760-66F9-47BF-A7B0-E13AF5A64378}.Release|Any CPU.Build.0 = Release|Any CPU
		{531C9826-0C6D-4FD9-AC47-6BD6056CC268}.Debug|Any CPU.ActiveCfg = Debug|Any CPU
		{531C9826-0C6D-4FD9-AC47-6BD6056CC268}.Debug|Any CPU.Build.0 = Debug|Any CPU
		{531C9826-0C6D-4FD9-AC47-6BD6056CC268}.Release|Any CPU.ActiveCfg = Release|Any CPU
		{531C9826-0C6D-4FD9-AC47-6BD6056CC268}.Release|Any CPU.Build.0 = Release|Any CPU
		{0EED746E-4F57-4C67-9808-D44E176DB5F7}.Debug|Any CPU.ActiveCfg = Debug|Any CPU
		{0EED746E-4F57-4C67-9808-D44E176DB5F7}.Debug|Any CPU.Build.0 = Debug|Any CPU
		{0EED746E-4F57-4C67-9808-D44E176DB5F7}.Release|Any CPU.ActiveCfg = Release|Any CPU
		{0EED746E-4F57-4C67-9808-D44E176DB5F7}.Release|Any CPU.Build.0 = Release|Any CPU
	EndGlobalSection
	GlobalSection(SolutionProperties) = preSolution
		HideSolutionNode = FALSE
	EndGlobalSection
	GlobalSection(ExtensibilityGlobals) = postSolution
		SolutionGuid = {1675543F-0843-48B7-8149-D3296B7ABE6E}
	EndGlobalSection
EndGlobal
